
Microsoft Visual Studio Solution File, Format Version 12.00
# Visual Studio Version 17
VisualStudioVersion = 17.0.31903.59
MinimumVisualStudioVersion = 10.0.40219.1
Project("{2150E333-8FDC-42A3-9474-1A3956D46DE8}") = "src", "src", "{66AD3DEB-12DD-41F1-B302-65968CB171D5}"
EndProject
Project("{FAE04EC0-301F-11D3-BF4B-00C04F79EFBC}") = "IConnet.Presale.Domain", "src\IConnet.Presale.Domain\IConnet.Presale.Domain.csproj", "{B6D34C49-02E9-4E3B-B351-071D248CE418}"
EndProject
Project("{FAE04EC0-301F-11D3-BF4B-00C04F79EFBC}") = "IConnet.Presale.Application", "src\IConnet.Presale.Application\IConnet.Presale.Application.csproj", "{FBBAC188-D2E8-485F-8870-30C2D90D5F43}"
EndProject
Project("{FAE04EC0-301F-11D3-BF4B-00C04F79EFBC}") = "IConnet.Presale.Infrastructure", "src\IConnet.Presale.Infrastructure\IConnet.Presale.Infrastructure.csproj", "{D36BA3A9-4421-4C5B-82F6-9712BFF4940D}"
EndProject
Project("{FAE04EC0-301F-11D3-BF4B-00C04F79EFBC}") = "IConnet.Presale.Api", "src\IConnet.Presale.Api\IConnet.Presale.Api.csproj", "{AFE5E12F-FC33-45A8-B1ED-184457B7EECF}"
EndProject
Project("{FAE04EC0-301F-11D3-BF4B-00C04F79EFBC}") = "IConnet.Presale.WebApp", "src\IConnet.Presale.WebApp\IConnet.Presale.WebApp.csproj", "{793BDE25-0CB7-4639-8E83-807C63A295D5}"
EndProject
Project("{FAE04EC0-301F-11D3-BF4B-00C04F79EFBC}") = "IConnet.Presale.Shared", "src\IConnet.Presale.Shared\IConnet.Presale.Shared.csproj", "{4FA20CC4-7ACB-4EAD-A2FB-AC228824DC55}"
EndProject
Project("{2150E333-8FDC-42A3-9474-1A3956D46DE8}") = "tests", "tests", "{FE31FA2D-4678-434E-9763-19209F25A76F}"
EndProject
Project("{FAE04EC0-301F-11D3-BF4B-00C04F79EFBC}") = "IConnet.Presale.Tests", "tests\IConnet.Presale.Tests\IConnet.Presale.Tests.csproj", "{3809E4AB-A8CF-40C7-9E55-8C6BE60FA2C0}"
EndProject
Global
	GlobalSection(SolutionConfigurationPlatforms) = preSolution
		Debug|Any CPU = Debug|Any CPU
		Release|Any CPU = Release|Any CPU
	EndGlobalSection
	GlobalSection(SolutionProperties) = preSolution
		HideSolutionNode = FALSE
	EndGlobalSection
	GlobalSection(ProjectConfigurationPlatforms) = postSolution
		{B6D34C49-02E9-4E3B-B351-071D248CE418}.Debug|Any CPU.ActiveCfg = Debug|Any CPU
		{B6D34C49-02E9-4E3B-B351-071D248CE418}.Debug|Any CPU.Build.0 = Debug|Any CPU
		{B6D34C49-02E9-4E3B-B351-071D248CE418}.Release|Any CPU.ActiveCfg = Release|Any CPU
		{B6D34C49-02E9-4E3B-B351-071D248CE418}.Release|Any CPU.Build.0 = Release|Any CPU
		{FBBAC188-D2E8-485F-8870-30C2D90D5F43}.Debug|Any CPU.ActiveCfg = Debug|Any CPU
		{FBBAC188-D2E8-485F-8870-30C2D90D5F43}.Debug|Any CPU.Build.0 = Debug|Any CPU
		{FBBAC188-D2E8-485F-8870-30C2D90D5F43}.Release|Any CPU.ActiveCfg = Release|Any CPU
		{FBBAC188-D2E8-485F-8870-30C2D90D5F43}.Release|Any CPU.Build.0 = Release|Any CPU
		{D36BA3A9-4421-4C5B-82F6-9712BFF4940D}.Debug|Any CPU.ActiveCfg = Debug|Any CPU
		{D36BA3A9-4421-4C5B-82F6-9712BFF4940D}.Debug|Any CPU.Build.0 = Debug|Any CPU
		{D36BA3A9-4421-4C5B-82F6-9712BFF4940D}.Release|Any CPU.ActiveCfg = Release|Any CPU
		{D36BA3A9-4421-4C5B-82F6-9712BFF4940D}.Release|Any CPU.Build.0 = Release|Any CPU
		{AFE5E12F-FC33-45A8-B1ED-184457B7EECF}.Debug|Any CPU.ActiveCfg = Debug|Any CPU
		{AFE5E12F-FC33-45A8-B1ED-184457B7EECF}.Debug|Any CPU.Build.0 = Debug|Any CPU
		{AFE5E12F-FC33-45A8-B1ED-184457B7EECF}.Release|Any CPU.ActiveCfg = Release|Any CPU
		{AFE5E12F-FC33-45A8-B1ED-184457B7EECF}.Release|Any CPU.Build.0 = Release|Any CPU
		{793BDE25-0CB7-4639-8E83-807C63A295D5}.Debug|Any CPU.ActiveCfg = Debug|Any CPU
		{793BDE25-0CB7-4639-8E83-807C63A295D5}.Debug|Any CPU.Build.0 = Debug|Any CPU
		{793BDE25-0CB7-4639-8E83-807C63A295D5}.Release|Any CPU.ActiveCfg = Release|Any CPU
		{793BDE25-0CB7-4639-8E83-807C63A295D5}.Release|Any CPU.Build.0 = Release|Any CPU
		{4FA20CC4-7ACB-4EAD-A2FB-AC228824DC55}.Debug|Any CPU.ActiveCfg = Debug|Any CPU
		{4FA20CC4-7ACB-4EAD-A2FB-AC228824DC55}.Debug|Any CPU.Build.0 = Debug|Any CPU
		{4FA20CC4-7ACB-4EAD-A2FB-AC228824DC55}.Release|Any CPU.ActiveCfg = Release|Any CPU
		{4FA20CC4-7ACB-4EAD-A2FB-AC228824DC55}.Release|Any CPU.Build.0 = Release|Any CPU
		{3809E4AB-A8CF-40C7-9E55-8C6BE60FA2C0}.Debug|Any CPU.ActiveCfg = Debug|Any CPU
		{3809E4AB-A8CF-40C7-9E55-8C6BE60FA2C0}.Debug|Any CPU.Build.0 = Debug|Any CPU
		{3809E4AB-A8CF-40C7-9E55-8C6BE60FA2C0}.Release|Any CPU.ActiveCfg = Release|Any CPU
		{3809E4AB-A8CF-40C7-9E55-8C6BE60FA2C0}.Release|Any CPU.Build.0 = Release|Any CPU
	EndGlobalSection
	GlobalSection(NestedProjects) = preSolution
		{B6D34C49-02E9-4E3B-B351-071D248CE418} = {66AD3DEB-12DD-41F1-B302-65968CB171D5}
		{FBBAC188-D2E8-485F-8870-30C2D90D5F43} = {66AD3DEB-12DD-41F1-B302-65968CB171D5}
		{D36BA3A9-4421-4C5B-82F6-9712BFF4940D} = {66AD3DEB-12DD-41F1-B302-65968CB171D5}
		{AFE5E12F-FC33-45A8-B1ED-184457B7EECF} = {66AD3DEB-12DD-41F1-B302-65968CB171D5}
		{793BDE25-0CB7-4639-8E83-807C63A295D5} = {66AD3DEB-12DD-41F1-B302-65968CB171D5}
		{4FA20CC4-7ACB-4EAD-A2FB-AC228824DC55} = {66AD3DEB-12DD-41F1-B302-65968CB171D5}
		{3809E4AB-A8CF-40C7-9E55-8C6BE60FA2C0} = {FE31FA2D-4678-434E-9763-19209F25A76F}
	EndGlobalSection
EndGlobal
